{
  "name": "verbose-fishstick",
  "version": "1.0.0",
  "lockfileVersion": 3,
  "requires": true,
  "packages": {
    "": {
      "name": "verbose-fishstick",
      "version": "1.0.0",
      "license": "MIT",
      "dependencies": {
        "@atproto/api": "^0.18.1",
        "@atproto/lexicon": "^0.5.1",
        "@atproto/oauth-client-node": "^0.3.10"
      }
    },
    "node_modules/@atproto-labs/did-resolver": {
      "version": "0.2.2",
      "resolved": "https://registry.npmjs.org/@atproto-labs/did-resolver/-/did-resolver-0.2.2.tgz",
      "integrity": "sha512-ca2B7xR43tVoQ8XxBvha58DXwIH8cIyKQl6lpOKGkPUrJuFoO4iCLlDiSDi2Ueh+yE1rMDPP/qveHdajgDX3WQ==",
      "license": "MIT",
      "dependencies": {
        "@atproto-labs/fetch": "0.2.3",
        "@atproto-labs/pipe": "0.1.1",
        "@atproto-labs/simple-store": "0.3.0",
        "@atproto-labs/simple-store-memory": "0.1.4",
        "@atproto/did": "0.2.1",
        "zod": "^3.23.8"
      }
    },
    "node_modules/@atproto-labs/fetch": {
      "version": "0.2.3",
      "resolved": "https://registry.npmjs.org/@atproto-labs/fetch/-/fetch-0.2.3.tgz",
      "integrity": "sha512-NZtbJOCbxKUFRFKMpamT38PUQMY0hX0p7TG5AEYOPhZKZEP7dHZ1K2s1aB8MdVH0qxmqX7nQleNrrvLf09Zfdw==",
      "license": "MIT",
      "dependencies": {
        "@atproto-labs/pipe": "0.1.1"
      }
    },
    "node_modules/@atproto-labs/fetch-node": {
      "version": "0.2.0",
      "resolved": "https://registry.npmjs.org/@atproto-labs/fetch-node/-/fetch-node-0.2.0.tgz",
      "integrity": "sha512-Krq09nH/aeoiU2s9xdHA0FjTEFWG9B5FFenipv1iRixCcPc7V3DhTNDawxG9gI8Ny0k4dBVS9WTRN/IDzBx86Q==",
      "license": "MIT",
      "dependencies": {
        "@atproto-labs/fetch": "0.2.3",
        "@atproto-labs/pipe": "0.1.1",
        "ipaddr.js": "^2.1.0",
        "undici": "^6.14.1"
      },
      "engines": {
        "node": ">=18.7.0"
      }
    },
    "node_modules/@atproto-labs/handle-resolver": {
      "version": "0.3.2",
      "resolved": "https://registry.npmjs.org/@atproto-labs/handle-resolver/-/handle-resolver-0.3.2.tgz",
      "integrity": "sha512-KIerCzh3qb+zZoqWbIvTlvBY0XPq0r56kwViaJY/LTe/3oPO2JaqlYKS/F4dByWBhHK6YoUOJ0sWrh6PMJl40A==",
      "license": "MIT",
      "dependencies": {
        "@atproto-labs/simple-store": "0.3.0",
        "@atproto-labs/simple-store-memory": "0.1.4",
        "@atproto/did": "0.2.1",
        "zod": "^3.23.8"
      }
    },
    "node_modules/@atproto-labs/handle-resolver-node": {
      "version": "0.1.21",
      "resolved": "https://registry.npmjs.org/@atproto-labs/handle-resolver-node/-/handle-resolver-node-0.1.21.tgz",
      "integrity": "sha512-fuJy5Px5pGF3lJX/ATdurbT8tbmaFWtf+PPxAQDFy7ot2no3t+iaAgymhyxYymrssOuWs6BwOP8tyF3VrfdwtQ==",
      "license": "MIT",
      "dependencies": {
        "@atproto-labs/fetch-node": "0.2.0",
        "@atproto-labs/handle-resolver": "0.3.2",
        "@atproto/did": "0.2.1"
      },
      "engines": {
        "node": ">=18.7.0"
      }
    },
    "node_modules/@atproto-labs/identity-resolver": {
      "version": "0.3.2",
      "resolved": "https://registry.npmjs.org/@atproto-labs/identity-resolver/-/identity-resolver-0.3.2.tgz",
      "integrity": "sha512-MYxO9pe0WsFyi5HFdKAwqIqHfiF2kBPoVhAIuH/4PYHzGr799ED47xLhNMxR3ZUYrJm5+TQzWXypGZ0Btw1Ffw==",
      "license": "MIT",
      "dependencies": {
        "@atproto-labs/did-resolver": "0.2.2",
        "@atproto-labs/handle-resolver": "0.3.2"
      }
    },
    "node_modules/@atproto-labs/pipe": {
      "version": "0.1.1",
      "resolved": "https://registry.npmjs.org/@atproto-labs/pipe/-/pipe-0.1.1.tgz",
      "integrity": "sha512-hdNw2oUs2B6BN1lp+32pF7cp8EMKuIN5Qok2Vvv/aOpG/3tNSJ9YkvfI0k6Zd188LeDDYRUpYpxcoFIcGH/FNg==",
      "license": "MIT"
    },
    "node_modules/@atproto-labs/simple-store": {
      "version": "0.3.0",
      "resolved": "https://registry.npmjs.org/@atproto-labs/simple-store/-/simple-store-0.3.0.tgz",
      "integrity": "sha512-nOb6ONKBRJHRlukW1sVawUkBqReLlLx6hT35VS3imaNPwiXDxLnTK7lxw3Lrl9k5yugSBDQAkZAq3MPTEFSUBQ==",
      "license": "MIT"
    },
    "node_modules/@atproto-labs/simple-store-memory": {
      "version": "0.1.4",
      "resolved": "https://registry.npmjs.org/@atproto-labs/simple-store-memory/-/simple-store-memory-0.1.4.tgz",
      "integrity": "sha512-3mKY4dP8I7yKPFj9VKpYyCRzGJOi5CEpOLPlRhoJyLmgs3J4RzDrjn323Oakjz2Aj2JzRU/AIvWRAZVhpYNJHw==",
      "license": "MIT",
      "dependencies": {
        "@atproto-labs/simple-store": "0.3.0",
        "lru-cache": "^10.2.0"
      }
    },
    "node_modules/@atproto/api": {
      "version": "0.18.1",
      "resolved": "https://registry.npmjs.org/@atproto/api/-/api-0.18.1.tgz",
      "integrity": "sha512-eK8Us3kRfK+KjxEq/abF3XL4qtqxh7a5GbKHaUGQqPxNGmLiIdFn4Ve4PkpP/OsDfcRMZF5CK47Jr7SARc7ttg==",
      "license": "MIT",
      "dependencies": {
        "@atproto/common-web": "^0.4.3",
        "@atproto/lexicon": "^0.5.1",
        "@atproto/syntax": "^0.4.1",
        "@atproto/xrpc": "^0.7.5",
        "await-lock": "^2.2.2",
        "multiformats": "^9.9.0",
        "tlds": "^1.234.0",
        "zod": "^3.23.8"
      }
    },
    "node_modules/@atproto/common-web": {
      "version": "0.4.3",
      "resolved": "https://registry.npmjs.org/@atproto/common-web/-/common-web-0.4.3.tgz",
      "integrity": "sha512-nRDINmSe4VycJzPo6fP/hEltBcULFxt9Kw7fQk6405FyAWZiTluYHlXOnU7GkQfeUK44OENG1qFTBcmCJ7e8pg==",
      "license": "MIT",
      "dependencies": {
        "graphemer": "^1.4.0",
        "multiformats": "^9.9.0",
        "uint8arrays": "3.0.0",
        "zod": "^3.23.8"
      }
    },
    "node_modules/@atproto/did": {
      "version": "0.2.1",
      "resolved": "https://registry.npmjs.org/@atproto/did/-/did-0.2.1.tgz",
      "integrity": "sha512-1i5BTU2GnBaaeYWhxUOnuEKFVq9euT5+dQPFabHpa927BlJ54PmLGyBBaOI7/NbLmN5HWwBa18SBkMpg3jGZRA==",
      "license": "MIT",
      "dependencies": {
        "zod": "^3.23.8"
      }
    },
    "node_modules/@atproto/jwk": {
      "version": "0.6.0",
      "resolved": "https://registry.npmjs.org/@atproto/jwk/-/jwk-0.6.0.tgz",
      "integrity": "sha512-bDoJPvt7TrQVi/rBfBrSSpGykhtIriKxeYCYQTiPRKFfyRhbgpElF0wPXADjIswnbzZdOwbY63az4E/CFVT3Tw==",
      "license": "MIT",
      "dependencies": {
        "multiformats": "^9.9.0",
        "zod": "^3.23.8"
      }
    },
    "node_modules/@atproto/jwk-jose": {
      "version": "0.1.11",
      "resolved": "https://registry.npmjs.org/@atproto/jwk-jose/-/jwk-jose-0.1.11.tgz",
      "integrity": "sha512-i4Fnr2sTBYmMmHXl7NJh8GrCH+tDQEVWrcDMDnV5DjJfkgT17wIqvojIw9SNbSL4Uf0OtfEv6AgG0A+mgh8b5Q==",
      "license": "MIT",
      "dependencies": {
        "@atproto/jwk": "0.6.0",
        "jose": "^5.2.0"
      }
    },
    "node_modules/@atproto/jwk-webcrypto": {
      "version": "0.2.0",
      "resolved": "https://registry.npmjs.org/@atproto/jwk-webcrypto/-/jwk-webcrypto-0.2.0.tgz",
      "integrity": "sha512-UmgRrrEAkWvxwhlwe30UmDOdTEFidlIzBC7C3cCbeJMcBN1x8B3KH+crXrsTqfWQBG58mXgt8wgSK3Kxs2LhFg==",
      "license": "MIT",
      "dependencies": {
        "@atproto/jwk": "0.6.0",
        "@atproto/jwk-jose": "0.1.11",
        "zod": "^3.23.8"
      }
    },
    "node_modules/@atproto/lexicon": {
      "version": "0.5.1",
      "resolved": "https://registry.npmjs.org/@atproto/lexicon/-/lexicon-0.5.1.tgz",
      "integrity": "sha512-y8AEtYmfgVl4fqFxqXAeGvhesiGkxiy3CWoJIfsFDDdTlZUC8DFnZrYhcqkIop3OlCkkljvpSJi1hbeC1tbi8A==",
      "license": "MIT",
      "dependencies": {
        "@atproto/common-web": "^0.4.3",
        "@atproto/syntax": "^0.4.1",
        "iso-datestring-validator": "^2.2.2",
        "multiformats": "^9.9.0",
        "zod": "^3.23.8"
      }
    },
    "node_modules/@atproto/oauth-client": {
      "version": "0.5.8",
      "resolved": "https://registry.npmjs.org/@atproto/oauth-client/-/oauth-client-0.5.8.tgz",
      "integrity": "sha512-7YEym6d97+Dd73qGdkQTXi5La8xvCQxwRUDzzlR/NVAARa9a4YP7MCmqBJVeP2anT0By+DSAPyPDLTsxcjIcCg==",
      "license": "MIT",
      "dependencies": {
        "@atproto-labs/did-resolver": "0.2.2",
        "@atproto-labs/fetch": "0.2.3",
        "@atproto-labs/handle-resolver": "0.3.2",
        "@atproto-labs/identity-resolver": "0.3.2",
        "@atproto-labs/simple-store": "0.3.0",
        "@atproto-labs/simple-store-memory": "0.1.4",
        "@atproto/did": "0.2.1",
        "@atproto/jwk": "0.6.0",
        "@atproto/oauth-types": "0.5.0",
        "@atproto/xrpc": "0.7.5",
        "core-js": "^3",
        "multiformats": "^9.9.0",
        "zod": "^3.23.8"
      }
    },
    "node_modules/@atproto/oauth-client-node": {
      "version": "0.3.10",
      "resolved": "https://registry.npmjs.org/@atproto/oauth-client-node/-/oauth-client-node-0.3.10.tgz",
      "integrity": "sha512-6khKlJqu1Ed5rt3rzcTD5hymB6JUjKdOHWYXwiphw4inkAIo6GxLCighI4eGOqZorYk2j8ueeTNB6KsgH0kcRw==",
      "license": "MIT",
      "dependencies": {
        "@atproto-labs/did-resolver": "0.2.2",
        "@atproto-labs/handle-resolver-node": "0.1.21",
        "@atproto-labs/simple-store": "0.3.0",
        "@atproto/did": "0.2.1",
        "@atproto/jwk": "0.6.0",
        "@atproto/jwk-jose": "0.1.11",
        "@atproto/jwk-webcrypto": "0.2.0",
        "@atproto/oauth-client": "0.5.8",
        "@atproto/oauth-types": "0.5.0"
      },
      "engines": {
        "node": ">=18.7.0"
      }
    },
    "node_modules/@atproto/oauth-types": {
      "version": "0.5.0",
      "resolved": "https://registry.npmjs.org/@atproto/oauth-types/-/oauth-types-0.5.0.tgz",
      "integrity": "sha512-33xz7HcXhbl+XRqbIMVu3GE02iK1nKe2oMWENASsfZEYbCz2b9ZOarOFuwi7g4LKqpGowGp0iRKsQHFcq4SDaQ==",
      "license": "MIT",
      "dependencies": {
        "@atproto/did": "0.2.1",
        "@atproto/jwk": "0.6.0",
        "zod": "^3.23.8"
      }
    },
    "node_modules/@atproto/syntax": {
      "version": "0.4.1",
      "resolved": "https://registry.npmjs.org/@atproto/syntax/-/syntax-0.4.1.tgz",
      "integrity": "sha512-CJdImtLAiFO+0z3BWTtxwk6aY5w4t8orHTMVJgkf++QRJWTxPbIFko/0hrkADB7n2EruDxDSeAgfUGehpH6ngw==",
      "license": "MIT"
    },
    "node_modules/@atproto/xrpc": {
      "version": "0.7.5",
      "resolved": "https://registry.npmjs.org/@atproto/xrpc/-/xrpc-0.7.5.tgz",
      "integrity": "sha512-MUYNn5d2hv8yVegRL0ccHvTHAVj5JSnW07bkbiaz96UH45lvYNRVwt44z+yYVnb0/mvBzyD3/ZQ55TRGt7fHkA==",
      "license": "MIT",
      "dependencies": {
        "@atproto/lexicon": "^0.5.1",
        "zod": "^3.23.8"
      }
    },
    "node_modules/await-lock": {
      "version": "2.2.2",
      "resolved": "https://registry.npmjs.org/await-lock/-/await-lock-2.2.2.tgz",
      "integrity": "sha512-aDczADvlvTGajTDjcjpJMqRkOF6Qdz3YbPZm/PyW6tKPkx2hlYBzxMhEywM/tU72HrVZjgl5VCdRuMlA7pZ8Gw==",
      "license": "MIT"
    },
    "node_modules/core-js": {
      "version": "3.47.0",
      "resolved": "https://registry.npmjs.org/core-js/-/core-js-3.47.0.tgz",
      "integrity": "sha512-c3Q2VVkGAUyupsjRnaNX6u8Dq2vAdzm9iuPj5FW0fRxzlxgq9Q39MDq10IvmQSpLgHQNyQzQmOo6bgGHmH3NNg==",
      "hasInstallScript": true,
      "license": "MIT",
      "funding": {
        "type": "opencollective",
        "url": "https://opencollective.com/core-js"
      }
    },
    "node_modules/graphemer": {
      "version": "1.4.0",
      "resolved": "https://registry.npmjs.org/graphemer/-/graphemer-1.4.0.tgz",
      "integrity": "sha512-EtKwoO6kxCL9WO5xipiHTZlSzBm7WLT627TqC/uVRd0HKmq8NXyebnNYxDoBi7wt8eTWrUrKXCOVaFq9x1kgag==",
      "license": "MIT"
    },
    "node_modules/ipaddr.js": {
      "version": "2.2.0",
      "resolved": "https://registry.npmjs.org/ipaddr.js/-/ipaddr.js-2.2.0.tgz",
      "integrity": "sha512-Ag3wB2o37wslZS19hZqorUnrnzSkpOVy+IiiDEiTqNubEYpYuHWIf6K4psgN2ZWKExS4xhVCrRVfb/wfW8fWJA==",
      "license": "MIT",
      "engines": {
        "node": ">= 10"
      }
    },
    "node_modules/iso-datestring-validator": {
      "version": "2.2.2",
      "resolved": "https://registry.npmjs.org/iso-datestring-validator/-/iso-datestring-validator-2.2.2.tgz",
      "integrity": "sha512-yLEMkBbLZTlVQqOnQ4FiMujR6T4DEcCb1xizmvXS+OxuhwcbtynoosRzdMA69zZCShCNAbi+gJ71FxZBBXx1SA==",
      "license": "MIT"
    },
    "node_modules/jose": {
      "version": "5.10.0",
      "resolved": "https://registry.npmjs.org/jose/-/jose-5.10.0.tgz",
      "integrity": "sha512-s+3Al/p9g32Iq+oqXxkW//7jk2Vig6FF1CFqzVXoTUXt2qz89YWbL+OwS17NFYEvxC35n0FKeGO2LGYSxeM2Gg==",
      "license": "MIT",
      "funding": {
        "url": "https://github.com/sponsors/panva"
      }
    },
    "node_modules/lru-cache": {
      "version": "10.4.3",
      "resolved": "https://registry.npmjs.org/lru-cache/-/lru-cache-10.4.3.tgz",
      "integrity": "sha512-JNAzZcXrCt42VGLuYz0zfAzDfAvJWW6AfYlDBQyDV5DClI2m5sAmK+OIO7s59XfsRsWHp02jAJrRadPRGTt6SQ==",
      "license": "ISC"
    },
    "node_modules/multiformats": {
      "version": "9.9.0",
      "resolved": "https://registry.npmjs.org/multiformats/-/multiformats-9.9.0.tgz",
      "integrity": "sha512-HoMUjhH9T8DDBNT+6xzkrd9ga/XiBI4xLr58LJACwK6G3HTOPeMz4nB4KJs33L2BelrIJa7P0VuNaVF3hMYfjg==",
      "license": "(Apache-2.0 AND MIT)"
    },
    "node_modules/tlds": {
      "version": "1.261.0",
      "resolved": "https://registry.npmjs.org/tlds/-/tlds-1.261.0.tgz",
      "integrity": "sha512-QXqwfEl9ddlGBaRFXIvNKK6OhipSiLXuRuLJX5DErz0o0Q0rYxulWLdFryTkV5PkdZct5iMInwYEGe/eR++1AA==",
      "license": "MIT",
      "bin": {
        "tlds": "bin.js"
      }
    },
    "node_modules/uint8arrays": {
      "version": "3.0.0",
      "resolved": "https://registry.npmjs.org/uint8arrays/-/uint8arrays-3.0.0.tgz",
      "integrity": "sha512-HRCx0q6O9Bfbp+HHSfQQKD7wU70+lydKVt4EghkdOvlK/NlrF90z+eXV34mUd48rNvVJXwkrMSPpCATkct8fJA==",
      "license": "MIT",
      "dependencies": {
        "multiformats": "^9.4.2"
      }
    },
    "node_modules/undici": {
      "version": "6.22.0",
      "resolved": "https://registry.npmjs.org/undici/-/undici-6.22.0.tgz",
      "integrity": "sha512-hU/10obOIu62MGYjdskASR3CUAiYaFTtC9Pa6vHyf//mAipSvSQg6od2CnJswq7fvzNS3zJhxoRkgNVaHurWKw==",
      "license": "MIT",
      "engines": {
        "node": ">=18.17"
      }
    },
    "node_modules/zod": {
      "version": "3.25.76",
      "resolved": "https://registry.npmjs.org/zod/-/zod-3.25.76.tgz",
      "integrity": "sha512-gzUt/qt81nXsFGKIFcC3YnfEAx5NkunCfnDlvuBSSFS02bcXu4Lmea0AFIUwbLWxWPx3d9p8S5QoaujKcNQxcQ==",
      "license": "MIT",
      "funding": {
        "url": "https://github.com/sponsors/colinhacks"
      }
    }
  }
}
